// !$*UTF8*$!
{
	archiveVersion = 1;
	classes = {
	};
	objectVersion = 56;
	objects = {

/* Begin PBXBuildFile section */
		3559B3232A52B961009F8D6B /* SheetViewPracticeApp.swift in Sources */ = {isa = PBXBuildFile; fileRef = 3559B3222A52B961009F8D6B /* SheetViewPracticeApp.swift */; };
		3559B3252A52B961009F8D6B /* ContentView.swift in Sources */ = {isa = PBXBuildFile; fileRef = 3559B3242A52B961009F8D6B /* ContentView.swift */; };
		3559B3272A52B963009F8D6B /* Assets.xcassets in Resources */ = {isa = PBXBuildFile; fileRef = 3559B3262A52B963009F8D6B /* Assets.xcassets */; };
		3559B32A2A52B963009F8D6B /* Preview Assets.xcassets in Resources */ = {isa = PBXBuildFile; fileRef = 3559B3292A52B963009F8D6B /* Preview Assets.xcassets */; };
		3559B3342A52B963009F8D6B /* SheetViewPracticeTests.swift in Sources */ = {isa = PBXBuildFile; fileRef = 3559B3332A52B963009F8D6B /* SheetViewPracticeTests.swift */; };
		3559B33E2A52B963009F8D6B /* SheetViewPracticeUITests.swift in Sources */ = {isa = PBXBuildFile; fileRef = 3559B33D2A52B963009F8D6B /* SheetViewPracticeUITests.swift */; };
		3559B3402A52B963009F8D6B /* SheetViewPracticeUITestsLaunchTests.swift in Sources */ = {isa = PBXBuildFile; fileRef = 3559B33F2A52B963009F8D6B /* SheetViewPracticeUITestsLaunchTests.swift */; };
		3559B34D2A52C28C009F8D6B /* BottomSheetView.swift in Sources */ = {isa = PBXBuildFile; fileRef = 3559B34C2A52C28C009F8D6B /* BottomSheetView.swift */; };
/* End PBXBuildFile section */

/* Begin PBXContainerItemProxy section */
		3559B3302A52B963009F8D6B /* PBXContainerItemProxy */ = {
			isa = PBXContainerItemProxy;
			containerPortal = 3559B3172A52B961009F8D6B /* Project object */;
			proxyType = 1;
			remoteGlobalIDString = 3559B31E2A52B961009F8D6B;
			remoteInfo = SheetViewPractice;
		};
		3559B33A2A52B963009F8D6B /* PBXContainerItemProxy */ = {
			isa = PBXContainerItemProxy;
			containerPortal = 3559B3172A52B961009F8D6B /* Project object */;
			proxyType = 1;
			remoteGlobalIDString = 3559B31E2A52B961009F8D6B;
			remoteInfo = SheetViewPractice;
		};
/* End PBXContainerItemProxy section */

/* Begin PBXFileReference section */
		3559B31F2A52B961009F8D6B /* SheetViewPractice.app */ = {isa = PBXFileReference; explicitFileType = wrapper.application; includeInIndex = 0; path = SheetViewPractice.app; sourceTree = BUILT_PRODUCTS_DIR; };
		3559B3222A52B961009F8D6B /* SheetViewPracticeApp.swift */ = {isa = PBXFileReference; lastKnownFileType = sourcecode.swift; path = SheetViewPracticeApp.swift; sourceTree = "<group>"; };
		3559B3242A52B961009F8D6B /* ContentView.swift */ = {isa = PBXFileReference; lastKnownFileType = sourcecode.swift; path = ContentView.swift; sourceTree = "<group>"; };
		3559B3262A52B963009F8D6B /* Assets.xcassets */ = {isa = PBXFileReference; lastKnownFileType = folder.assetcatalog; path = Assets.xcassets; sourceTree = "<group>"; };
		3559B3292A52B963009F8D6B /* Preview Assets.xcassets */ = {isa = PBXFileReference; lastKnownFileType = folder.assetcatalog; path = "Preview Assets.xcassets"; sourceTree = "<group>"; };
		3559B32F2A52B963009F8D6B /* SheetViewPracticeTests.xctest */ = {isa = PBXFileReference; explicitFileType = wrapper.cfbundle; includeInIndex = 0; path = SheetViewPracticeTests.xctest; sourceTree = BUILT_PRODUCTS_DIR; };
		3559B3332A52B963009F8D6B /* SheetViewPracticeTests.swift */ = {isa = PBXFileReference; lastKnownFileType = sourcecode.swift; path = SheetViewPracticeTests.swift; sourceTree = "<group>"; };
		3559B3392A52B963009F8D6B /* SheetViewPracticeUITests.xctest */ = {isa = PBXFileReference; explicitFileType = wrapper.cfbundle; includeInIndex = 0; path = SheetViewPracticeUITests.xctest; sourceTree = BUILT_PRODUCTS_DIR; };
		3559B33D2A52B963009F8D6B /* SheetViewPracticeUITests.swift */ = {isa = PBXFileReference; lastKnownFileType = sourcecode.swift; path = SheetViewPracticeUITests.swift; sourceTree = "<group>"; };
		3559B33F2A52B963009F8D6B /* SheetViewPracticeUITestsLaunchTests.swift */ = {isa = PBXFileReference; lastKnownFileType = sourcecode.swift; path = SheetViewPracticeUITestsLaunchTests.swift; sourceTree = "<group>"; };
		3559B34C2A52C28C009F8D6B /* BottomSheetView.swift */ = {isa = PBXFileReference; lastKnownFileType = sourcecode.swift; path = BottomSheetView.swift; sourceTree = "<group>"; };
/* End PBXFileReference section */

/* Begin PBXFrameworksBuildPhase section */
		3559B31C2A52B961009F8D6B /* Frameworks */ = {
			isa = PBXFrameworksBuildPhase;
			buildActionMask = 2147483647;
			files = (
			);
			runOnlyForDeploymentPostprocessing = 0;
		};
		3559B32C2A52B963009F8D6B /* Frameworks */ = {
			isa = PBXFrameworksBuildPhase;
			buildActionMask = 2147483647;
			files = (
			);
			runOnlyForDeploymentPostprocessing = 0;
		};
		3559B3362A52B963009F8D6B /* Frameworks */ = {
			isa = PBXFrameworksBuildPhase;
			buildActionMask = 2147483647;
			files = (
			);
			runOnlyForDeploymentPostprocessing = 0;
		};
/* End PBXFrameworksBuildPhase section */

/* Begin PBXGroup section */
		3559B3162A52B961009F8D6B = {
			isa = PBXGroup;
			children = (
				3559B3212A52B961009F8D6B /* SheetViewPractice */,
				3559B3322A52B963009F8D6B /* SheetViewPracticeTests */,
				3559B33C2A52B963009F8D6B /* SheetViewPracticeUITests */,
				3559B3202A52B961009F8D6B /* Products */,
			);
			sourceTree = "<group>";
		};
		3559B3202A52B961009F8D6B /* Products */ = {
			isa = PBXGroup;
			children = (
				3559B31F2A52B961009F8D6B /* SheetViewPractice.app */,
				3559B32F2A52B963009F8D6B /* SheetViewPracticeTests.xctest */,
				3559B3392A52B963009F8D6B /* SheetViewPracticeUITests.xctest */,
			);
			name = Products;
			sourceTree = "<group>";
		};
		3559B3212A52B961009F8D6B /* SheetViewPractice */ = {
			isa = PBXGroup;
			children = (
				3559B3222A52B961009F8D6B /* SheetViewPracticeApp.swift */,
				3559B3242A52B961009F8D6B /* ContentView.swift */,
				3559B34C2A52C28C009F8D6B /* BottomSheetView.swift */,
				3559B3262A52B963009F8D6B /* Assets.xcassets */,
				3559B3282A52B963009F8D6B /* Preview Content */,
			);
			path = SheetViewPractice;
			sourceTree = "<group>";
		};
		3559B3282A52B963009F8D6B /* Preview Content */ = {
			isa = PBXGroup;
			children = (
				3559B3292A52B963009F8D6B /* Preview Assets.xcassets */,
			);
			path = "Preview Content";
			sourceTree = "<group>";
		};
		3559B3322A52B963009F8D6B /* SheetViewPracticeTests */ = {
			isa = PBXGroup;
			children = (
				3559B3332A52B963009F8D6B /* SheetViewPracticeTests.swift */,
			);
			path = SheetViewPracticeTests;
			sourceTree = "<group>";
		};
		3559B33C2A52B963009F8D6B /* SheetViewPracticeUITests */ = {
			isa = PBXGroup;
			children = (
				3559B33D2A52B963009F8D6B /* SheetViewPracticeUITests.swift */,
				3559B33F2A52B963009F8D6B /* SheetViewPracticeUITestsLaunchTests.swift */,
			);
			path = SheetViewPracticeUITests;
			sourceTree = "<group>";
		};
/* End PBXGroup section */

/* Begin PBXNativeTarget section */
		3559B31E2A52B961009F8D6B /* SheetViewPractice */ = {
			isa = PBXNativeTarget;
			buildConfigurationList = 3559B3432A52B963009F8D6B /* Build configuration list for PBXNativeTarget "SheetViewPractice" */;
			buildPhases = (
				3559B31B2A52B961009F8D6B /* Sources */,
				3559B31C2A52B961009F8D6B /* Frameworks */,
				3559B31D2A52B961009F8D6B /* Resources */,
			);
			buildRules = (
			);
			dependencies = (
			);
			name = SheetViewPractice;
			productName = SheetViewPractice;
			productReference = 3559B31F2A52B961009F8D6B /* SheetViewPractice.app */;
			productType = "com.apple.product-type.application";
		};
		3559B32E2A52B963009F8D6B /* SheetViewPracticeTests */ = {
			isa = PBXNativeTarget;
			buildConfigurationList = 3559B3462A52B963009F8D6B /* Build configuration list for PBXNativeTarget "SheetViewPracticeTests" */;
			buildPhases = (
				3559B32B2A52B963009F8D6B /* Sources */,
				3559B32C2A52B963009F8D6B /* Frameworks */,
				3559B32D2A52B963009F8D6B /* Resources */,
			);
			buildRules = (
			);
			dependencies = (
				3559B3312A52B963009F8D6B /* PBXTargetDependency */,
			);
			name = SheetViewPracticeTests;
			productName = SheetViewPracticeTests;
			productReference = 3559B32F2A52B963009F8D6B /* SheetViewPracticeTests.xctest */;
			productType = "com.apple.product-type.bundle.unit-test";
		};
		3559B3382A52B963009F8D6B /* SheetViewPracticeUITests */ = {
			isa = PBXNativeTarget;
			buildConfigurationList = 3559B3492A52B963009F8D6B /* Build configuration list for PBXNativeTarget "SheetViewPracticeUITests" */;
			buildPhases = (
				3559B3352A52B963009F8D6B /* Sources */,
				3559B3362A52B963009F8D6B /* Frameworks */,
				3559B3372A52B963009F8D6B /* Resources */,
			);
			buildRules = (
			);
			dependencies = (
				3559B33B2A52B963009F8D6B /* PBXTargetDependency */,
			);
			name = SheetViewPracticeUITests;
			productName = SheetViewPracticeUITests;
			productReference = 3559B3392A52B963009F8D6B /* SheetViewPracticeUITests.xctest */;
			productType = "com.apple.product-type.bundle.ui-testing";
		};
/* End PBXNativeTarget section */

/* Begin PBXProject section */
		3559B3172A52B961009F8D6B /* Project object */ = {
			isa = PBXProject;
			attributes = {
				BuildIndependentTargetsInParallel = 1;
				LastSwiftUpdateCheck = 1410;
				LastUpgradeCheck = 1410;
				TargetAttributes = {
					3559B31E2A52B961009F8D6B = {
						CreatedOnToolsVersion = 14.1;
					};
					3559B32E2A52B963009F8D6B = {
						CreatedOnToolsVersion = 14.1;
						TestTargetID = 3559B31E2A52B961009F8D6B;
					};
					3559B3382A52B963009F8D6B = {
						CreatedOnToolsVersion = 14.1;
						TestTargetID = 3559B31E2A52B961009F8D6B;
					};
				};
			};
			buildConfigurationList = 3559B31A2A52B961009F8D6B /* Build configuration list for PBXProject "SheetViewPractice" */;
			compatibilityVersion = "Xcode 14.0";
			developmentRegion = en;
			hasScannedForEncodings = 0;
			knownRegions = (
				en,
				Base,
			);
			mainGroup = 3559B3162A52B961009F8D6B;
			productRefGroup = 3559B3202A52B961009F8D6B /* Products */;
			projectDirPath = "";
			projectRoot = "";
			targets = (
				3559B31E2A52B961009F8D6B /* SheetViewPractice */,
				3559B32E2A52B963009F8D6B /* SheetViewPracticeTests */,
				3559B3382A52B963009F8D6B /* SheetViewPracticeUITests */,
			);
		};
/* End PBXProject section */

/* Begin PBXResourcesBuildPhase section */
		3559B31D2A52B961009F8D6B /* Resources */ = {
			isa = PBXResourcesBuildPhase;
			buildActionMask = 2147483647;
			files = (
				3559B32A2A52B963009F8D6B /* Preview Assets.xcassets in Resources */,
				3559B3272A52B963009F8D6B /* Assets.xcassets in Resources */,
			);
			runOnlyForDeploymentPostprocessing = 0;
		};
		3559B32D2A52B963009F8D6B /* Resources */ = {
			isa = PBXResourcesBuildPhase;
			buildActionMask = 2147483647;
			files = (
			);
			runOnlyForDeploymentPostprocessing = 0;
		};
		3559B3372A52B963009F8D6B /* Resources */ = {
			isa = PBXResourcesBuildPhase;
			buildActionMask = 2147483647;
			files = (
			);
			runOnlyForDeploymentPostprocessing = 0;
		};
/* End PBXResourcesBuildPhase section */

/* Begin PBXSourcesBuildPhase section */
		3559B31B2A52B961009F8D6B /* Sources */ = {
			isa = PBXSourcesBuildPhase;
			buildActionMask = 2147483647;
			files = (
				3559B3252A52B961009F8D6B /* ContentView.swift in Sources */,
				3559B3232A52B961009F8D6B /* SheetViewPracticeApp.swift in Sources */,
				3559B34D2A52C28C009F8D6B /* BottomSheetView.swift in Sources */,
			);
			runOnlyForDeploymentPostprocessing = 0;
		};
		3559B32B2A52B963009F8D6B /* Sources */ = {
			isa = PBXSourcesBuildPhase;
			buildActionMask = 2147483647;
			files = (
				3559B3342A52B963009F8D6B /* SheetViewPracticeTests.swift in Sources */,
			);
			runOnlyForDeploymentPostprocessing = 0;
		};
		3559B3352A52B963009F8D6B /* Sources */ = {
			isa = PBXSourcesBuildPhase;
			buildActionMask = 2147483647;
			files = (
				3559B3402A52B963009F8D6B /* SheetViewPracticeUITestsLaunchTests.swift in Sources */,
				3559B33E2A52B963009F8D6B /* SheetViewPracticeUITests.swift in Sources */,
			);
			runOnlyForDeploymentPostprocessing = 0;
		};
/* End PBXSourcesBuildPhase section */

/* Begin PBXTargetDependency section */
		3559B3312A52B963009F8D6B /* PBXTargetDependency */ = {
			isa = PBXTargetDependency;
			target = 3559B31E2A52B961009F8D6B /* SheetViewPractice */;
			targetProxy = 3559B3302A52B963009F8D6B /* PBXContainerItemProxy */;
		};
		3559B33B2A52B963009F8D6B /* PBXTargetDependency */ = {
			isa = PBXTargetDependency;
			target = 3559B31E2A52B961009F8D6B /* SheetViewPractice */;
			targetProxy = 3559B33A2A52B963009F8D6B /* PBXContainerItemProxy */;
		};
/* End PBXTargetDependency section */

/* Begin XCBuildConfiguration section */
		3559B3412A52B963009F8D6B /* Debug */ = {
			isa = XCBuildConfiguration;
			buildSettings = {
				ALWAYS_SEARCH_USER_PATHS = NO;
				CLANG_ANALYZER_NONNULL = YES;
				CLANG_ANALYZER_NUMBER_OBJECT_CONVERSION = YES_AGGRESSIVE;
				CLANG_CXX_LANGUAGE_STANDARD = "gnu++20";
				CLANG_ENABLE_MODULES = YES;
				CLANG_ENABLE_OBJC_ARC = YES;
				CLANG_ENABLE_OBJC_WEAK = YES;
				CLANG_WARN_BLOCK_CAPTURE_AUTORELEASING = YES;
				CLANG_WARN_BOOL_CONVERSION = YES;
				CLANG_WARN_COMMA = YES;
				CLANG_WARN_CONSTANT_CONVERSION = YES;
				CLANG_WARN_DEPRECATED_OBJC_IMPLEMENTATIONS = YES;
				CLANG_WARN_DIRECT_OBJC_ISA_USAGE = YES_ERROR;
				CLANG_WARN_DOCUMENTATION_COMMENTS = YES;
				CLANG_WARN_EMPTY_BODY = YES;
				CLANG_WARN_ENUM_CONVERSION = YES;
				CLANG_WARN_INFINITE_RECURSION = YES;
				CLANG_WARN_INT_CONVERSION = YES;
				CLANG_WARN_NON_LITERAL_NULL_CONVERSION = YES;
				CLANG_WARN_OBJC_IMPLICIT_RETAIN_SELF = YES;
				CLANG_WARN_OBJC_LITERAL_CONVERSION = YES;
				CLANG_WARN_OBJC_ROOT_CLASS = YES_ERROR;
				CLANG_WARN_QUOTED_INCLUDE_IN_FRAMEWORK_HEADER = YES;
				CLANG_WARN_RANGE_LOOP_ANALYSIS = YES;
				CLANG_WARN_STRICT_PROTOTYPES = YES;
				CLANG_WARN_SUSPICIOUS_MOVE = YES;
				CLANG_WARN_UNGUARDED_AVAILABILITY = YES_AGGRESSIVE;
				CLANG_WARN_UNREACHABLE_CODE = YES;
				CLANG_WARN__DUPLICATE_METHOD_MATCH = YES;
				COPY_PHASE_STRIP = NO;
				DEBUG_INFORMATION_FORMAT = dwarf;
				ENABLE_STRICT_OBJC_MSGSEND = YES;
				ENABLE_TESTABILITY = YES;
				GCC_C_LANGUAGE_STANDARD = gnu11;
				GCC_DYNAMIC_NO_PIC = NO;
				GCC_NO_COMMON_BLOCKS = YES;
				GCC_OPTIMIZATION_LEVEL = 0;
				GCC_PREPROCESSOR_DEFINITIONS = (
					"DEBUG=1",
					"$(inherited)",
				);
				GCC_WARN_64_TO_32_BIT_CONVERSION = YES;
				GCC_WARN_ABOUT_RETURN_TYPE = YES_ERROR;
				GCC_WARN_UNDECLARED_SELECTOR = YES;
				GCC_WARN_UNINITIALIZED_AUTOS = YES_AGGRESSIVE;
				GCC_WARN_UNUSED_FUNCTION = YES;
				GCC_WARN_UNUSED_VARIABLE = YES;
				IPHONEOS_DEPLOYMENT_TARGET = 16.1;
				MTL_ENABLE_DEBUG_INFO = INCLUDE_SOURCE;
				MTL_FAST_MATH = YES;
				ONLY_ACTIVE_ARCH = YES;
				SDKROOT = iphoneos;
				SWIFT_ACTIVE_COMPILATION_CONDITIONS = DEBUG;
				SWIFT_OPTIMIZATION_LEVEL = "-Onone";
			};
			name = Debug;
		};
		3559B3422A52B963009F8D6B /* Release */ = {
			isa = XCBuildConfiguration;
			buildSettings = {
				ALWAYS_SEARCH_USER_PATHS = NO;
				CLANG_ANALYZER_NONNULL = YES;
				CLANG_ANALYZER_NUMBER_OBJECT_CONVERSION = YES_AGGRESSIVE;
				CLANG_CXX_LANGUAGE_STANDARD = "gnu++20";
				CLANG_ENABLE_MODULES = YES;
				CLANG_ENABLE_OBJC_ARC = YES;
				CLANG_ENABLE_OBJC_WEAK = YES;
				CLANG_WARN_BLOCK_CAPTURE_AUTORELEASING = YES;
				CLANG_WARN_BOOL_CONVERSION = YES;
				CLANG_WARN_COMMA = YES;
				CLANG_WARN_CONSTANT_CONVERSION = YES;
				CLANG_WARN_DEPRECATED_OBJC_IMPLEMENTATIONS = YES;
				CLANG_WARN_DIRECT_OBJC_ISA_USAGE = YES_ERROR;
				CLANG_WARN_DOCUMENTATION_COMMENTS = YES;
				CLANG_WARN_EMPTY_BODY = YES;
				CLANG_WARN_ENUM_CONVERSION = YES;
				CLANG_WARN_INFINITE_RECURSION = YES;
				CLANG_WARN_INT_CONVERSION = YES;
				CLANG_WARN_NON_LITERAL_NULL_CONVERSION = YES;
				CLANG_WARN_OBJC_IMPLICIT_RETAIN_SELF = YES;
				CLANG_WARN_OBJC_LITERAL_CONVERSION = YES;
				CLANG_WARN_OBJC_ROOT_CLASS = YES_ERROR;
				CLANG_WARN_QUOTED_INCLUDE_IN_FRAMEWORK_HEADER = YES;
				CLANG_WARN_RANGE_LOOP_ANALYSIS = YES;
				CLANG_WARN_STRICT_PROTOTYPES = YES;
				CLANG_WARN_SUSPICIOUS_MOVE = YES;
				CLANG_WARN_UNGUARDED_AVAILABILITY = YES_AGGRESSIVE;
				CLANG_WARN_UNREACHABLE_CODE = YES;
				CLANG_WARN__DUPLICATE_METHOD_MATCH = YES;
				COPY_PHASE_STRIP = NO;
				DEBUG_INFORMATION_FORMAT = "dwarf-with-dsym";
				ENABLE_NS_ASSERTIONS = NO;
				ENABLE_STRICT_OBJC_MSGSEND = YES;
				GCC_C_LANGUAGE_STANDARD = gnu11;
				GCC_NO_COMMON_BLOCKS = YES;
				GCC_WARN_64_TO_32_BIT_CONVERSION = YES;
				GCC_WARN_ABOUT_RETURN_TYPE = YES_ERROR;
				GCC_WARN_UNDECLARED_SELECTOR = YES;
				GCC_WARN_UNINITIALIZED_AUTOS = YES_AGGRESSIVE;
				GCC_WARN_UNUSED_FUNCTION = YES;
				GCC_WARN_UNUSED_VARIABLE = YES;
				IPHONEOS_DEPLOYMENT_TARGET = 16.1;
				MTL_ENABLE_DEBUG_INFO = NO;
				MTL_FAST_MATH = YES;
				SDKROOT = iphoneos;
				SWIFT_COMPILATION_MODE = wholemodule;
				SWIFT_OPTIMIZATION_LEVEL = "-O";
				VALIDATE_PRODUCT = YES;
			};
			name = Release;
		};
		3559B3442A52B963009F8D6B /* Debug */ = {
			isa = XCBuildConfiguration;
			buildSettings = {
				ASSETCATALOG_COMPILER_APPICON_NAME = AppIcon;
				ASSETCATALOG_COMPILER_GLOBAL_ACCENT_COLOR_NAME = AccentColor;
				CODE_SIGN_STYLE = Automatic;
				CURRENT_PROJECT_VERSION = 1;
				DEVELOPMENT_ASSET_PATHS = "\"SheetViewPractice/Preview Content\"";
				ENABLE_PREVIEWS = YES;
				GENERATE_INFOPLIST_FILE = YES;
				INFOPLIST_KEY_UIApplicationSceneManifest_Generation = YES;
				INFOPLIST_KEY_UIApplicationSupportsIndirectInputEvents = YES;
				INFOPLIST_KEY_UILaunchScreen_Generation = YES;
				INFOPLIST_KEY_UISupportedInterfaceOrientations_iPad = "UIInterfaceOrientationPortrait UIInterfaceOrientationPortraitUpsideDown UIInterfaceOrientationLandscapeLeft UIInterfaceOrientationLandscapeRight";
				INFOPLIST_KEY_UISupportedInterfaceOrientations_iPhone = "UIInterfaceOrientationPortrait UIInterfaceOrientationLandscapeLeft UIInterfaceOrientationLandscapeRight";
				LD_RUNPATH_SEARCH_PATHS = (
					"$(inherited)",
					"@executable_path/Frameworks",
				);
				MARKETING_VERSION = 1.0;
				PRODUCT_BUNDLE_IDENTIFIER = yejin.SheetViewPractice;
				PRODUCT_NAME = "$(TARGET_NAME)";
				SWIFT_EMIT_LOC_STRINGS = YES;
				SWIFT_VERSION = 5.0;
				TARGETED_DEVICE_FAMILY = "1,2";
			};
			name = Debug;
		};
		3559B3452A52B963009F8D6B /* Release */ = {
			isa = XCBuildConfiguration;
			buildSettings = {
				ASSETCATALOG_COMPILER_APPICON_NAME = AppIcon;
				ASSETCATALOG_COMPILER_GLOBAL_ACCENT_COLOR_NAME = AccentColor;
				CODE_SIGN_STYLE = Automatic;
				CURRENT_PROJECT_VERSION = 1;
				DEVELOPMENT_ASSET_PATHS = "\"SheetViewPractice/Preview Content\"";
				ENABLE_PREVIEWS = YES;
				GENERATE_INFOPLIST_FILE = YES;
				INFOPLIST_KEY_UIApplicationSceneManifest_Generation = YES;
				INFOPLIST_KEY_UIApplicationSupportsIndirectInputEvents = YES;
				INFOPLIST_KEY_UILaunchScreen_Generation = YES;
				INFOPLIST_KEY_UISupportedInterfaceOrientations_iPad = "UIInterfaceOrientationPortrait UIInterfaceOrientationPortraitUpsideDown UIInterfaceOrientationLandscapeLeft UIInterfaceOrientationLandscapeRight";
				INFOPLIST_KEY_UISupportedInterfaceOrientations_iPhone = "UIInterfaceOrientationPortrait UIInterfaceOrientationLandscapeLeft UIInterfaceOrientationLandscapeRight";
				LD_RUNPATH_SEARCH_PATHS = (
					"$(inherited)",
					"@executable_path/Frameworks",
				);
				MARKETING_VERSION = 1.0;
				PRODUCT_BUNDLE_IDENTIFIER = yejin.SheetViewPractice;
				PRODUCT_NAME = "$(TARGET_NAME)";
				SWIFT_EMIT_LOC_STRINGS = YES;
				SWIFT_VERSION = 5.0;
				TARGETED_DEVICE_FAMILY = "1,2";
			};
			name = Release;
		};
		3559B3472A52B963009F8D6B /* Debug */ = {
			isa = XCBuildConfiguration;
			buildSettings = {
				ALWAYS_EMBED_SWIFT_STANDARD_LIBRARIES = YES;
				BUNDLE_LOADER = "$(TEST_HOST)";
				CODE_SIGN_STYLE = Automatic;
				CURRENT_PROJECT_VERSION = 1;
				GENERATE_INFOPLIST_FILE = YES;
				IPHONEOS_DEPLOYMENT_TARGET = 16.1;
				MARKETING_VERSION = 1.0;
				PRODUCT_BUNDLE_IDENTIFIER = yejin.SheetViewPracticeTests;
				PRODUCT_NAME = "$(TARGET_NAME)";
				SWIFT_EMIT_LOC_STRINGS = NO;
				SWIFT_VERSION = 5.0;
				TARGETED_DEVICE_FAMILY = "1,2";
				TEST_HOST = "$(BUILT_PRODUCTS_DIR)/SheetViewPractice.app/$(BUNDLE_EXECUTABLE_FOLDER_PATH)/SheetViewPractice";
			};
			name = Debug;
		};
		3559B3482A52B963009F8D6B /* Release */ = {
			isa = XCBuildConfiguration;
			buildSettings = {
				ALWAYS_EMBED_SWIFT_STANDARD_LIBRARIES = YES;
				BUNDLE_LOADER = "$(TEST_HOST)";
				CODE_SIGN_STYLE = Automatic;
				CURRENT_PROJECT_VERSION = 1;
				GENERATE_INFOPLIST_FILE = YES;
				IPHONEOS_DEPLOYMENT_TARGET = 16.1;
				MARKETING_VERSION = 1.0;
				PRODUCT_BUNDLE_IDENTIFIER = yejin.SheetViewPracticeTests;
				PRODUCT_NAME = "$(TARGET_NAME)";
				SWIFT_EMIT_LOC_STRINGS = NO;
				SWIFT_VERSION = 5.0;
				TARGETED_DEVICE_FAMILY = "1,2";
				TEST_HOST = "$(BUILT_PRODUCTS_DIR)/SheetViewPractice.app/$(BUNDLE_EXECUTABLE_FOLDER_PATH)/SheetViewPractice";
			};
			name = Release;
		};
		3559B34A2A52B963009F8D6B /* Debug */ = {
			isa = XCBuildConfiguration;
			buildSettings = {
				ALWAYS_EMBED_SWIFT_STANDARD_LIBRARIES = YES;
				CODE_SIGN_STYLE = Automatic;
				CURRENT_PROJECT_VERSION = 1;
				GENERATE_INFOPLIST_FILE = YES;
				MARKETING_VERSION = 1.0;
				PRODUCT_BUNDLE_IDENTIFIER = yejin.SheetViewPracticeUITests;
				PRODUCT_NAME = "$(TARGET_NAME)";
				SWIFT_EMIT_LOC_STRINGS = NO;
				SWIFT_VERSION = 5.0;
				TARGETED_DEVICE_FAMILY = "1,2";
				TEST_TARGET_NAME = SheetViewPractice;
			};
			name = Debug;
		};
		3559B34B2A52B963009F8D6B /* Release */ = {
			isa = XCBuildConfiguration;
			buildSettings = {
				ALWAYS_EMBED_SWIFT_STANDARD_LIBRARIES = YES;
				CODE_SIGN_STYLE = Automatic;
				CURRENT_PROJECT_VERSION = 1;
				GENERATE_INFOPLIST_FILE = YES;
				MARKETING_VERSION = 1.0;
				PRODUCT_BUNDLE_IDENTIFIER = yejin.SheetViewPracticeUITests;
				PRODUCT_NAME = "$(TARGET_NAME)";
				SWIFT_EMIT_LOC_STRINGS = NO;
				SWIFT_VERSION = 5.0;
				TARGETED_DEVICE_FAMILY = "1,2";
				TEST_TARGET_NAME = SheetViewPractice;
			};
			name = Release;
		};
/* End XCBuildConfiguration section */

/* Begin XCConfigurationList section */
		3559B31A2A52B961009F8D6B /* Build configuration list for PBXProject "SheetViewPractice" */ = {
			isa = XCConfigurationList;
			buildConfigurations = (
				3559B3412A52B963009F8D6B /* Debug */,
				3559B3422A52B963009F8D6B /* Release */,
			);
			defaultConfigurationIsVisible = 0;
			defaultConfigurationName = Release;
		};
		3559B3432A52B963009F8D6B /* Build configuration list for PBXNativeTarget "SheetViewPractice" */ = {
			isa = XCConfigurationList;
			buildConfigurations = (
				3559B3442A52B963009F8D6B /* Debug */,
				3559B3452A52B963009F8D6B /* Release */,
			);
			defaultConfigurationIsVisible = 0;
			defaultConfigurationName = Release;
		};
		3559B3462A52B963009F8D6B /* Build configuration list for PBXNativeTarget "SheetViewPracticeTests" */ = {
			isa = XCConfigurationList;
			buildConfigurations = (
				3559B3472A52B963009F8D6B /* Debug */,
				3559B3482A52B963009F8D6B /* Release */,
			);
			defaultConfigurationIsVisible = 0;
			defaultConfigurationName = Release;
		};
		3559B3492A52B963009F8D6B /* Build configuration list for PBXNativeTarget "SheetViewPracticeUITests" */ = {
			isa = XCConfigurationList;
			buildConfigurations = (
				3559B34A2A52B963009F8D6B /* Debug */,
				3559B34B2A52B963009F8D6B /* Release */,
			);
			defaultConfigurationIsVisible = 0;
			defaultConfigurationName = Release;
		};
/* End XCConfigurationList section */
	};
	rootObject = 3559B3172A52B961009F8D6B /* Project object */;
}
